
Microsoft Visual Studio Solution File, Format Version 12.00
# Visual Studio 14
VisualStudioVersion = 14.0.25420.1
MinimumVisualStudioVersion = 10.0.40219.1
Project("{FAE04EC0-301F-11D3-BF4B-00C04F79EFBC}") = "Microsoft.Deployment.Common", "Microsoft.Deployment.Common\Microsoft.Deployment.Common.csproj", "{38282763-A8DE-485E-A5EB-E5E969F4385B}"
EndProject
Project("{FAE04EC0-301F-11D3-BF4B-00C04F79EFBC}") = "Microsoft.Deployment.Common.Test", "Microsoft.Deployment.Common.Test\Microsoft.Deployment.Common.Test.csproj", "{ADC0E545-4162-4659-8E03-8EC30E714C3F}"
EndProject
Global
	GlobalSection(SolutionConfigurationPlatforms) = preSolution
		Debug|Any CPU = Debug|Any CPU
		Release|Any CPU = Release|Any CPU
	EndGlobalSection
	GlobalSection(ProjectConfigurationPlatforms) = postSolution
		{38282763-A8DE-485E-A5EB-E5E969F4385B}.Debug|Any CPU.ActiveCfg = Debug|Any CPU
		{38282763-A8DE-485E-A5EB-E5E969F4385B}.Debug|Any CPU.Build.0 = Debug|Any CPU
		{38282763-A8DE-485E-A5EB-E5E969F4385B}.Release|Any CPU.ActiveCfg = Release|Any CPU
		{38282763-A8DE-485E-A5EB-E5E969F4385B}.Release|Any CPU.Build.0 = Release|Any CPU
		{ADC0E545-4162-4659-8E03-8EC30E714C3F}.Debug|Any CPU.ActiveCfg = Debug|Any CPU
		{ADC0E545-4162-4659-8E03-8EC30E714C3F}.Debug|Any CPU.Build.0 = Debug|Any CPU
		{ADC0E545-4162-4659-8E03-8EC30E714C3F}.Release|Any CPU.ActiveCfg = Release|Any CPU
		{ADC0E545-4162-4659-8E03-8EC30E714C3F}.Release|Any CPU.Build.0 = Release|Any CPU
	EndGlobalSection
	GlobalSection(SolutionProperties) = preSolution
		HideSolutionNode = FALSE
	EndGlobalSection
EndGlobal
